
Microsoft Visual Studio Solution File, Format Version 12.00
# Visual Studio Version 16
VisualStudioVersion = 16.0.29418.71
MinimumVisualStudioVersion = 10.0.40219.1
Project("{9A19103F-16F7-4668-BE54-9A1E7A4F7556}") = "HelloWorldVS", "HelloWorldVS\HelloWorldVS.csproj", "{BD9C5D9B-B770-4957-A05A-3F468380EC95}"
EndProject
Project("{9A19103F-16F7-4668-BE54-9A1E7A4F7556}") = "CalculatorLib", "CalculatorLib\CalculatorLib.csproj", "{0812791E-81DC-4A37-B467-F6C13B82CFAB}"
EndProject
Project("{2150E333-8FDC-42A3-9474-1A3956D46DE8}") = "FilesSamples", "FilesSamples", "{0826AF9D-E6BF-42F2-9A83-C1829A42FABB}"
	ProjectSection(SolutionItems) = preProject
		FileSamples\JsonSample.json = FileSamples\JsonSample.json
		FileSamples\XmlSample.xml = FileSamples\XmlSample.xml
	EndProjectSection
EndProject
Project("{9A19103F-16F7-4668-BE54-9A1E7A4F7556}") = "AnotherApplication", "AnotherApplication\AnotherApplication.csproj", "{32F469AF-204E-49ED-8DC5-B4C0A4775B76}"
EndProject
Project("{FAE04EC0-301F-11D3-BF4B-00C04F79EFBC}") = "UnitTestProject", "UnitTestProject\UnitTestProject.csproj", "{B6F81E7F-F021-48B5-B0F2-8E978DE673E6}"
EndProject
Global
	GlobalSection(SolutionConfigurationPlatforms) = preSolution
		Debug|Any CPU = Debug|Any CPU
		Release|Any CPU = Release|Any CPU
	EndGlobalSection
	GlobalSection(ProjectConfigurationPlatforms) = postSolution
		{BD9C5D9B-B770-4957-A05A-3F468380EC95}.Debug|Any CPU.ActiveCfg = Debug|Any CPU
		{BD9C5D9B-B770-4957-A05A-3F468380EC95}.Debug|Any CPU.Build.0 = Debug|Any CPU
		{BD9C5D9B-B770-4957-A05A-3F468380EC95}.Release|Any CPU.ActiveCfg = Release|Any CPU
		{BD9C5D9B-B770-4957-A05A-3F468380EC95}.Release|Any CPU.Build.0 = Release|Any CPU
		{0812791E-81DC-4A37-B467-F6C13B82CFAB}.Debug|Any CPU.ActiveCfg = Debug|Any CPU
		{0812791E-81DC-4A37-B467-F6C13B82CFAB}.Debug|Any CPU.Build.0 = Debug|Any CPU
		{0812791E-81DC-4A37-B467-F6C13B82CFAB}.Release|Any CPU.ActiveCfg = Release|Any CPU
		{0812791E-81DC-4A37-B467-F6C13B82CFAB}.Release|Any CPU.Build.0 = Release|Any CPU
		{32F469AF-204E-49ED-8DC5-B4C0A4775B76}.Debug|Any CPU.ActiveCfg = Debug|Any CPU
		{32F469AF-204E-49ED-8DC5-B4C0A4775B76}.Debug|Any CPU.Build.0 = Debug|Any CPU
		{32F469AF-204E-49ED-8DC5-B4C0A4775B76}.Release|Any CPU.ActiveCfg = Release|Any CPU
		{32F469AF-204E-49ED-8DC5-B4C0A4775B76}.Release|Any CPU.Build.0 = Release|Any CPU
		{B6F81E7F-F021-48B5-B0F2-8E978DE673E6}.Debug|Any CPU.ActiveCfg = Debug|Any CPU
		{B6F81E7F-F021-48B5-B0F2-8E978DE673E6}.Debug|Any CPU.Build.0 = Debug|Any CPU
		{B6F81E7F-F021-48B5-B0F2-8E978DE673E6}.Release|Any CPU.ActiveCfg = Release|Any CPU
		{B6F81E7F-F021-48B5-B0F2-8E978DE673E6}.Release|Any CPU.Build.0 = Release|Any CPU
	EndGlobalSection
	GlobalSection(SolutionProperties) = preSolution
		HideSolutionNode = FALSE
	EndGlobalSection
	GlobalSection(ExtensibilityGlobals) = postSolution
		SolutionGuid = {A3FF1EB0-490B-4ADE-A443-182DCB7A6A8A}
	EndGlobalSection
EndGlobal
