
Microsoft Visual Studio Solution File, Format Version 12.00
# Visual Studio 15
VisualStudioVersion = 15.0.27004.2008
MinimumVisualStudioVersion = 10.0.40219.1
Project("{9A19103F-16F7-4668-BE54-9A1E7A4F7556}") = "UnitTestsSamples", "UnitTestSamples\UnitTestsSamples.csproj", "{2AF8F83E-31CB-4714-A6D1-7B61DC54223D}"
EndProject
Project("{9A19103F-16F7-4668-BE54-9A1E7A4F7556}") = "CalculatorLib", "CalculatorLib\CalculatorLib.csproj", "{C978B38C-BC22-4A06-A616-96BEB635445F}"
EndProject
Global
	GlobalSection(SolutionConfigurationPlatforms) = preSolution
		Debug|Any CPU = Debug|Any CPU
		Release|Any CPU = Release|Any CPU
	EndGlobalSection
	GlobalSection(ProjectConfigurationPlatforms) = postSolution
		{2AF8F83E-31CB-4714-A6D1-7B61DC54223D}.Debug|Any CPU.ActiveCfg = Debug|Any CPU
		{2AF8F83E-31CB-4714-A6D1-7B61DC54223D}.Debug|Any CPU.Build.0 = Debug|Any CPU
		{2AF8F83E-31CB-4714-A6D1-7B61DC54223D}.Release|Any CPU.ActiveCfg = Release|Any CPU
		{2AF8F83E-31CB-4714-A6D1-7B61DC54223D}.Release|Any CPU.Build.0 = Release|Any CPU
		{C978B38C-BC22-4A06-A616-96BEB635445F}.Debug|Any CPU.ActiveCfg = Debug|Any CPU
		{C978B38C-BC22-4A06-A616-96BEB635445F}.Debug|Any CPU.Build.0 = Debug|Any CPU
		{C978B38C-BC22-4A06-A616-96BEB635445F}.Release|Any CPU.ActiveCfg = Release|Any CPU
		{C978B38C-BC22-4A06-A616-96BEB635445F}.Release|Any CPU.Build.0 = Release|Any CPU
	EndGlobalSection
	GlobalSection(SolutionProperties) = preSolution
		HideSolutionNode = FALSE
	EndGlobalSection
	GlobalSection(ExtensibilityGlobals) = postSolution
		SolutionGuid = {552922A0-ECFA-441B-BCED-328113C1F61B}
	EndGlobalSection
EndGlobal
